Microsoft Visual Studio Solution File, Format Version 12.00
# Visual Studio 2012
Project("{FAE04EC0-301F-11D3-BF4B-00C04F79EFBC}") = "cargoship", "cargoship.csproj", "{FBBAE826-B00F-4AF5-A7DA-2EFA31A6CB63}"
EndProject
Global
	GlobalSection(SolutionConfigurationPlatforms) = preSolution
	Debug|Any CPU = Debug|Any CPU
	ExportDebug|Any CPU = ExportDebug|Any CPU
	ExportRelease|Any CPU = ExportRelease|Any CPU
	EndGlobalSection
	GlobalSection(ProjectConfigurationPlatforms) = postSolution
		{FBBAE826-B00F-4AF5-A7DA-2EFA31A6CB63}.Debug|Any CPU.ActiveCfg = Debug|Any CPU
		{FBBAE826-B00F-4AF5-A7DA-2EFA31A6CB63}.Debug|Any CPU.Build.0 = Debug|Any CPU
		{FBBAE826-B00F-4AF5-A7DA-2EFA31A6CB63}.ExportDebug|Any CPU.ActiveCfg = ExportDebug|Any CPU
		{FBBAE826-B00F-4AF5-A7DA-2EFA31A6CB63}.ExportDebug|Any CPU.Build.0 = ExportDebug|Any CPU
		{FBBAE826-B00F-4AF5-A7DA-2EFA31A6CB63}.ExportRelease|Any CPU.ActiveCfg = ExportRelease|Any CPU
		{FBBAE826-B00F-4AF5-A7DA-2EFA31A6CB63}.ExportRelease|Any CPU.Build.0 = ExportRelease|Any CPU
	EndGlobalSection
EndGlobal
